Microsoft Visual Studio Solution File, Format Version 10.00
# Visual Studio 2008
Project("{2150E333-8FDC-42A3-9474-1A3956D46DE8}") = "(aec)", "..\..\..\..\..\..\modules\audio_processing\aec", "{9DA9A310-F663-4C13-BEC9-D8380FA10B87}"
EndProject
Project("{2150E333-8FDC-42A3-9474-1A3956D46DE8}") = "(aecm)", "..\..\..\..\..\..\modules\audio_processing\aecm", "{7E143D39-927F-13DB-9886-1D1E22839A41}"
EndProject
Project("{2150E333-8FDC-42A3-9474-1A3956D46DE8}") = "(agc)", "..\..\..\..\..\..\modules\audio_processing\agc", "{5287D4C0-4122-8410-316D-140084787570}"
EndProject
Project("{2150E333-8FDC-42A3-9474-1A3956D46DE8}") = "(audio_processing)", "..\..\..\..\..\..\modules\audio_processing", "{C628EF58-8662-29AD-F4DA-EC6D6EB923A9}"
EndProject
Project("{2150E333-8FDC-42A3-9474-1A3956D46DE8}") = "(common_audio)", "..\..\..\..\..\..\common_audio", "{C4EE13A5-F8E2-558A-341F-C9D86316A4CD}"
EndProject
Project("{2150E333-8FDC-42A3-9474-1A3956D46DE8}") = "(main)", "..\..\..\..\..\..\modules\audio_processing\aecm\main", "{13BC0F8B-DDEB-67A2-F6FC-2495644A63C2}"
EndProject
Project("{2150E333-8FDC-42A3-9474-1A3956D46DE8}") = "(main)", "..\..\..\..\..\..\modules\audio_processing\ns\main", "{1F6BDD42-63FF-6BEE-ACD5-EE4B550F9126}"
EndProject
Project("{2150E333-8FDC-42A3-9474-1A3956D46DE8}") = "(main)", "..\..\..\..\..\..\modules\audio_processing\agc\main", "{29CFCA80-DD12-5895-E4E5-6F5AD037F640}"
EndProject
Project("{2150E333-8FDC-42A3-9474-1A3956D46DE8}") = "(main)", "..\..\..\..\..\..\common_audio\vad\main", "{6A461A6F-ABE7-A603-7524-BAF8A8EB5FA4}"
EndProject
Project("{2150E333-8FDC-42A3-9474-1A3956D46DE8}") = "(main)", "..\..\..\..\..\..\modules\audio_processing\main", "{C00F6E88-3A76-3ECA-ED08-E36D22500DA9}"
EndProject
Project("{2150E333-8FDC-42A3-9474-1A3956D46DE8}") = "(main)", "..\..\..\..\..\..\common_audio\signal_processing_library\main", "{D3B11ADF-7621-D5D7-1B68-66F6359E783A}"
EndProject
Project("{2150E333-8FDC-42A3-9474-1A3956D46DE8}") = "(main)", "..\..\..\..\..\..\modules\audio_processing\aec\main", "{F679C293-FFAE-DB63-4A97-E9EF33342C85}"
EndProject
Project("{2150E333-8FDC-42A3-9474-1A3956D46DE8}") = "(modules)", "..\..\..\..\..\..\modules", "{ABA814CE-769C-A7C4-7A0D-B2A09A6EE486}"
EndProject
Project("{2150E333-8FDC-42A3-9474-1A3956D46DE8}") = "(ns)", "..\..\..\..\..\..\modules\audio_processing\ns", "{109635E9-8237-42EB-B90D-7A73361A6A39}"
EndProject
Project("{2150E333-8FDC-42A3-9474-1A3956D46DE8}") = "(signal_processing_library)", "..\..\..\..\..\..\common_audio\signal_processing_library", "{47885D36-7727-D5D7-2956-F4CE969EA55C}"
EndProject
Project("{2150E333-8FDC-42A3-9474-1A3956D46DE8}") = "(source)", "..\..\..\..\..\..\modules\audio_processing\aec\main\source", "{429DE2AA-08FE-4FC8-F6F0-55A3AD35C481}"
EndProject
Project("{2150E333-8FDC-42A3-9474-1A3956D46DE8}") = "(source)", "..\..\..\..\..\..\modules\audio_processing\aecm\main\source", "{4419BC2B-7B24-D738-BB5F-FEC129D97380}"
EndProject
Project("{2150E333-8FDC-42A3-9474-1A3956D46DE8}") = "(source)", "..\..\..\..\..\..\common_audio\signal_processing_library\main\source", "{60CB4342-FC36-73FF-D15B-B3799382D4A4}"
EndProject
Project("{2150E333-8FDC-42A3-9474-1A3956D46DE8}") = "(source)", "..\..\..\..\..\..\modules\audio_processing\main\source", "{64508A0E-7FA9-D3ED-8B24-ECDBC82FFE81}"
EndProject
Project("{2150E333-8FDC-42A3-9474-1A3956D46DE8}") = "(source)", "..\..\..\..\..\..\modules\audio_processing\ns\main\source", "{B2964F68-94C3-6C10-7168-C59EFDD30F7D}"
EndProject
Project("{2150E333-8FDC-42A3-9474-1A3956D46DE8}") = "(source)", "..\..\..\..\..\..\common_audio\vad\main\source", "{D4E19DF2-94F9-E5AE-C70E-4770B46E7F30}"
EndProject
Project("{2150E333-8FDC-42A3-9474-1A3956D46DE8}") = "(source)", "..\..\..\..\..\..\modules\audio_processing\agc\main\source", "{E734C837-2124-3F18-72D7-655F0349D01D}"
EndProject
Project("{2150E333-8FDC-42A3-9474-1A3956D46DE8}") = "(source)", "..\..\..\..\..\..\system_wrappers\source", "{F90A7E5F-E308-9A0D-FC3F-C270ED3163D6}"
EndProject
Project("{2150E333-8FDC-42A3-9474-1A3956D46DE8}") = "(system_wrappers)", "..\..\..\..\..\..\system_wrappers", "{3E24422E-CE67-D18B-51FA-269330E86C12}"
EndProject
Project("{2150E333-8FDC-42A3-9474-1A3956D46DE8}") = "(utility)", "..\..\..\..\..\..\modules\audio_processing\utility", "{909AD1B2-050B-5D87-A7C2-208FC2609A20}"
EndProject
Project("{2150E333-8FDC-42A3-9474-1A3956D46DE8}") = "(vad)", "..\..\..\..\..\..\common_audio\vad", "{A5F9EC95-A6FC-AC28-49A4-7D2913DF6307}"
EndProject
Project("{8BC9CEB8-8B4A-11D0-8D11-00A0C91BC942}") = "aec", "..\..\aec\main\source\aec.vcproj", "{E043B55E-15BE-A4EF-C754-89CEC56CCC44}"
EndProject
Project("{8BC9CEB8-8B4A-11D0-8D11-00A0C91BC942}") = "aecm", "..\..\aecm\main\source\aecm.vcproj", "{8BA660B8-DB4B-FC25-EDD3-E22741EB6D0C}"
EndProject
Project("{8BC9CEB8-8B4A-11D0-8D11-00A0C91BC942}") = "agc", "..\..\agc\main\source\agc.vcproj", "{2B23E19B-67E8-DDF4-1364-435DDF06C978}"
EndProject
Project("{8BC9CEB8-8B4A-11D0-8D11-00A0C91BC942}") = "apm_util", "..\..\utility\apm_util.vcproj", "{9CD60AC6-1BE8-5B7F-B25B-BDE4B0CC01A1}"
EndProject
Project("{8BC9CEB8-8B4A-11D0-8D11-00A0C91BC942}") = "audio_processing", "audio_processing.vcproj", "{69B0636B-989B-9BCD-20D4-2820E325BEAB}"
EndProject
Project("{8BC9CEB8-8B4A-11D0-8D11-00A0C91BC942}") = "ns", "..\..\ns\main\source\ns.vcproj", "{03B7993A-45E3-39E1-43B3-CB23E6520AC6}"
EndProject
Project("{8BC9CEB8-8B4A-11D0-8D11-00A0C91BC942}") = "spl", "..\..\..\..\common_audio\signal_processing_library\main\source\spl.vcproj", "{8659E754-46C9-79F1-13CC-260EA5495ECD}"
EndProject
Project("{8BC9CEB8-8B4A-11D0-8D11-00A0C91BC942}") = "system_wrappers", "..\..\..\..\system_wrappers\source\system_wrappers.vcproj", "{0D4CE1EE-8796-ED90-75DD-979942D117BD}"
EndProject
Project("{8BC9CEB8-8B4A-11D0-8D11-00A0C91BC942}") = "vad", "..\..\..\..\common_audio\vad\main\source\vad.vcproj", "{AB055DB0-D54C-8EBB-0026-710D2141D438}"
EndProject
Global
	GlobalSection(SolutionConfigurationPlatforms) = preSolution
		Debug|Win32 = Debug|Win32
		Release|x64 = Release|x64
		Purify|Win32 = Purify|Win32
		Purify|x64 = Purify|x64
		Debug|x64 = Debug|x64
		Release|Win32 = Release|Win32
	EndGlobalSection
	GlobalSection(ProjectConfigurationPlatforms) = postSolution
		{03B7993A-45E3-39E1-43B3-CB23E6520AC6}.Debug|Win32.ActiveCfg = Debug|Win32
		{03B7993A-45E3-39E1-43B3-CB23E6520AC6}.Debug|Win32.Build.0 = Debug|Win32
		{03B7993A-45E3-39E1-43B3-CB23E6520AC6}.Release|x64.ActiveCfg = Release|x64
		{03B7993A-45E3-39E1-43B3-CB23E6520AC6}.Release|x64.Build.0 = Release|x64
		{03B7993A-45E3-39E1-43B3-CB23E6520AC6}.Purify|Win32.ActiveCfg = Purify|Win32
		{03B7993A-45E3-39E1-43B3-CB23E6520AC6}.Purify|Win32.Build.0 = Purify|Win32
		{03B7993A-45E3-39E1-43B3-CB23E6520AC6}.Purify|x64.ActiveCfg = Purify|x64
		{03B7993A-45E3-39E1-43B3-CB23E6520AC6}.Purify|x64.Build.0 = Purify|x64
		{03B7993A-45E3-39E1-43B3-CB23E6520AC6}.Debug|x64.ActiveCfg = Debug|x64
		{03B7993A-45E3-39E1-43B3-CB23E6520AC6}.Debug|x64.Build.0 = Debug|x64
		{03B7993A-45E3-39E1-43B3-CB23E6520AC6}.Release|Win32.ActiveCfg = Release|Win32
		{03B7993A-45E3-39E1-43B3-CB23E6520AC6}.Release|Win32.Build.0 = Release|Win32
		{0D4CE1EE-8796-ED90-75DD-979942D117BD}.Debug|Win32.ActiveCfg = Debug|Win32
		{0D4CE1EE-8796-ED90-75DD-979942D117BD}.Debug|Win32.Build.0 = Debug|Win32
		{0D4CE1EE-8796-ED90-75DD-979942D117BD}.Release|x64.ActiveCfg = Release|x64
		{0D4CE1EE-8796-ED90-75DD-979942D117BD}.Release|x64.Build.0 = Release|x64
		{0D4CE1EE-8796-ED90-75DD-979942D117BD}.Purify|Win32.ActiveCfg = Purify|Win32
		{0D4CE1EE-8796-ED90-75DD-979942D117BD}.Purify|Win32.Build.0 = Purify|Win32
		{0D4CE1EE-8796-ED90-75DD-979942D117BD}.Purify|x64.ActiveCfg = Purify|x64
		{0D4CE1EE-8796-ED90-75DD-979942D117BD}.Purify|x64.Build.0 = Purify|x64
		{0D4CE1EE-8796-ED90-75DD-979942D117BD}.Debug|x64.ActiveCfg = Debug|x64
		{0D4CE1EE-8796-ED90-75DD-979942D117BD}.Debug|x64.Build.0 = Debug|x64
		{0D4CE1EE-8796-ED90-75DD-979942D117BD}.Release|Win32.ActiveCfg = Release|Win32
		{0D4CE1EE-8796-ED90-75DD-979942D117BD}.Release|Win32.Build.0 = Release|Win32
		{2B23E19B-67E8-DDF4-1364-435DDF06C978}.Debug|Win32.ActiveCfg = Debug|Win32
		{2B23E19B-67E8-DDF4-1364-435DDF06C978}.Debug|Win32.Build.0 = Debug|Win32
		{2B23E19B-67E8-DDF4-1364-435DDF06C978}.Release|x64.ActiveCfg = Release|x64
		{2B23E19B-67E8-DDF4-1364-435DDF06C978}.Release|x64.Build.0 = Release|x64
		{2B23E19B-67E8-DDF4-1364-435DDF06C978}.Purify|Win32.ActiveCfg = Purify|Win32
		{2B23E19B-67E8-DDF4-1364-435DDF06C978}.Purify|Win32.Build.0 = Purify|Win32
		{2B23E19B-67E8-DDF4-1364-435DDF06C978}.Purify|x64.ActiveCfg = Purify|x64
		{2B23E19B-67E8-DDF4-1364-435DDF06C978}.Purify|x64.Build.0 = Purify|x64
		{2B23E19B-67E8-DDF4-1364-435DDF06C978}.Debug|x64.ActiveCfg = Debug|x64
		{2B23E19B-67E8-DDF4-1364-435DDF06C978}.Debug|x64.Build.0 = Debug|x64
		{2B23E19B-67E8-DDF4-1364-435DDF06C978}.Release|Win32.ActiveCfg = Release|Win32
		{2B23E19B-67E8-DDF4-1364-435DDF06C978}.Release|Win32.Build.0 = Release|Win32
		{69B0636B-989B-9BCD-20D4-2820E325BEAB}.Debug|Win32.ActiveCfg = Debug|Win32
		{69B0636B-989B-9BCD-20D4-2820E325BEAB}.Debug|Win32.Build.0 = Debug|Win32
		{69B0636B-989B-9BCD-20D4-2820E325BEAB}.Release|x64.ActiveCfg = Release|x64
		{69B0636B-989B-9BCD-20D4-2820E325BEAB}.Release|x64.Build.0 = Release|x64
		{69B0636B-989B-9BCD-20D4-2820E325BEAB}.Purify|Win32.ActiveCfg = Purify|Win32
		{69B0636B-989B-9BCD-20D4-2820E325BEAB}.Purify|Win32.Build.0 = Purify|Win32
		{69B0636B-989B-9BCD-20D4-2820E325BEAB}.Purify|x64.ActiveCfg = Purify|x64
		{69B0636B-989B-9BCD-20D4-2820E325BEAB}.Purify|x64.Build.0 = Purify|x64
		{69B0636B-989B-9BCD-20D4-2820E325BEAB}.Debug|x64.ActiveCfg = Debug|x64
		{69B0636B-989B-9BCD-20D4-2820E325BEAB}.Debug|x64.Build.0 = Debug|x64
		{69B0636B-989B-9BCD-20D4-2820E325BEAB}.Release|Win32.ActiveCfg = Release|Win32
		{69B0636B-989B-9BCD-20D4-2820E325BEAB}.Release|Win32.Build.0 = Release|Win32
		{8659E754-46C9-79F1-13CC-260EA5495ECD}.Debug|Win32.ActiveCfg = Debug|Win32
		{8659E754-46C9-79F1-13CC-260EA5495ECD}.Debug|Win32.Build.0 = Debug|Win32
		{8659E754-46C9-79F1-13CC-260EA5495ECD}.Release|x64.ActiveCfg = Release|x64
		{8659E754-46C9-79F1-13CC-260EA5495ECD}.Release|x64.Build.0 = Release|x64
		{8659E754-46C9-79F1-13CC-260EA5495ECD}.Purify|Win32.ActiveCfg = Purify|Win32
		{8659E754-46C9-79F1-13CC-260EA5495ECD}.Purify|Win32.Build.0 = Purify|Win32
		{8659E754-46C9-79F1-13CC-260EA5495ECD}.Purify|x64.ActiveCfg = Purify|x64
		{8659E754-46C9-79F1-13CC-260EA5495ECD}.Purify|x64.Build.0 = Purify|x64
		{8659E754-46C9-79F1-13CC-260EA5495ECD}.Debug|x64.ActiveCfg = Debug|x64
		{8659E754-46C9-79F1-13CC-260EA5495ECD}.Debug|x64.Build.0 = Debug|x64
		{8659E754-46C9-79F1-13CC-260EA5495ECD}.Release|Win32.ActiveCfg = Release|Win32
		{8659E754-46C9-79F1-13CC-260EA5495ECD}.Release|Win32.Build.0 = Release|Win32
		{8BA660B8-DB4B-FC25-EDD3-E22741EB6D0C}.Debug|Win32.ActiveCfg = Debug|Win32
		{8BA660B8-DB4B-FC25-EDD3-E22741EB6D0C}.Debug|Win32.Build.0 = Debug|Win32
		{8BA660B8-DB4B-FC25-EDD3-E22741EB6D0C}.Release|x64.ActiveCfg = Release|x64
		{8BA660B8-DB4B-FC25-EDD3-E22741EB6D0C}.Release|x64.Build.0 = Release|x64
		{8BA660B8-DB4B-FC25-EDD3-E22741EB6D0C}.Purify|Win32.ActiveCfg = Purify|Win32
		{8BA660B8-DB4B-FC25-EDD3-E22741EB6D0C}.Purify|Win32.Build.0 = Purify|Win32
		{8BA660B8-DB4B-FC25-EDD3-E22741EB6D0C}.Purify|x64.ActiveCfg = Purify|x64
		{8BA660B8-DB4B-FC25-EDD3-E22741EB6D0C}.Purify|x64.Build.0 = Purify|x64
		{8BA660B8-DB4B-FC25-EDD3-E22741EB6D0C}.Debug|x64.ActiveCfg = Debug|x64
		{8BA660B8-DB4B-FC25-EDD3-E22741EB6D0C}.Debug|x64.Build.0 = Debug|x64
		{8BA660B8-DB4B-FC25-EDD3-E22741EB6D0C}.Release|Win32.ActiveCfg = Release|Win32
		{8BA660B8-DB4B-FC25-EDD3-E22741EB6D0C}.Release|Win32.Build.0 = Release|Win32
		{9CD60AC6-1BE8-5B7F-B25B-BDE4B0CC01A1}.Debug|Win32.ActiveCfg = Debug|Win32
		{9CD60AC6-1BE8-5B7F-B25B-BDE4B0CC01A1}.Debug|Win32.Build.0 = Debug|Win32
		{9CD60AC6-1BE8-5B7F-B25B-BDE4B0CC01A1}.Release|x64.ActiveCfg = Release|x64
		{9CD60AC6-1BE8-5B7F-B25B-BDE4B0CC01A1}.Release|x64.Build.0 = Release|x64
		{9CD60AC6-1BE8-5B7F-B25B-BDE4B0CC01A1}.Purify|Win32.ActiveCfg = Purify|Win32
		{9CD60AC6-1BE8-5B7F-B25B-BDE4B0CC01A1}.Purify|Win32.Build.0 = Purify|Win32
		{9CD60AC6-1BE8-5B7F-B25B-BDE4B0CC01A1}.Purify|x64.ActiveCfg = Purify|x64
		{9CD60AC6-1BE8-5B7F-B25B-BDE4B0CC01A1}.Purify|x64.Build.0 = Purify|x64
		{9CD60AC6-1BE8-5B7F-B25B-BDE4B0CC01A1}.Debug|x64.ActiveCfg = Debug|x64
		{9CD60AC6-1BE8-5B7F-B25B-BDE4B0CC01A1}.Debug|x64.Build.0 = Debug|x64
		{9CD60AC6-1BE8-5B7F-B25B-BDE4B0CC01A1}.Release|Win32.ActiveCfg = Release|Win32
		{9CD60AC6-1BE8-5B7F-B25B-BDE4B0CC01A1}.Release|Win32.Build.0 = Release|Win32
		{AB055DB0-D54C-8EBB-0026-710D2141D438}.Debug|Win32.ActiveCfg = Debug|Win32
		{AB055DB0-D54C-8EBB-0026-710D2141D438}.Debug|Win32.Build.0 = Debug|Win32
		{AB055DB0-D54C-8EBB-0026-710D2141D438}.Release|x64.ActiveCfg = Release|x64
		{AB055DB0-D54C-8EBB-0026-710D2141D438}.Release|x64.Build.0 = Release|x64
		{AB055DB0-D54C-8EBB-0026-710D2141D438}.Purify|Win32.ActiveCfg = Purify|Win32
		{AB055DB0-D54C-8EBB-0026-710D2141D438}.Purify|Win32.Build.0 = Purify|Win32
		{AB055DB0-D54C-8EBB-0026-710D2141D438}.Purify|x64.ActiveCfg = Purify|x64
		{AB055DB0-D54C-8EBB-0026-710D2141D438}.Purify|x64.Build.0 = Purify|x64
		{AB055DB0-D54C-8EBB-0026-710D2141D438}.Debug|x64.ActiveCfg = Debug|x64
		{AB055DB0-D54C-8EBB-0026-710D2141D438}.Debug|x64.Build.0 = Debug|x64
		{AB055DB0-D54C-8EBB-0026-710D2141D438}.Release|Win32.ActiveCfg = Release|Win32
		{AB055DB0-D54C-8EBB-0026-710D2141D438}.Release|Win32.Build.0 = Release|Win32
		{E043B55E-15BE-A4EF-C754-89CEC56CCC44}.Debug|Win32.ActiveCfg = Debug|Win32
		{E043B55E-15BE-A4EF-C754-89CEC56CCC44}.Debug|Win32.Build.0 = Debug|Win32
		{E043B55E-15BE-A4EF-C754-89CEC56CCC44}.Release|x64.ActiveCfg = Release|x64
		{E043B55E-15BE-A4EF-C754-89CEC56CCC44}.Release|x64.Build.0 = Release|x64
		{E043B55E-15BE-A4EF-C754-89CEC56CCC44}.Purify|Win32.ActiveCfg = Purify|Win32
		{E043B55E-15BE-A4EF-C754-89CEC56CCC44}.Purify|Win32.Build.0 = Purify|Win32
		{E043B55E-15BE-A4EF-C754-89CEC56CCC44}.Purify|x64.ActiveCfg = Purify|x64
		{E043B55E-15BE-A4EF-C754-89CEC56CCC44}.Purify|x64.Build.0 = Purify|x64
		{E043B55E-15BE-A4EF-C754-89CEC56CCC44}.Debug|x64.ActiveCfg = Debug|x64
		{E043B55E-15BE-A4EF-C754-89CEC56CCC44}.Debug|x64.Build.0 = Debug|x64
		{E043B55E-15BE-A4EF-C754-89CEC56CCC44}.Release|Win32.ActiveCfg = Release|Win32
		{E043B55E-15BE-A4EF-C754-89CEC56CCC44}.Release|Win32.Build.0 = Release|Win32
	EndGlobalSection
	GlobalSection(SolutionProperties) = preSolution
		HideSolutionNode = FALSE
	EndGlobalSection
	GlobalSection(NestedProjects) = preSolution
		{F679C293-FFAE-DB63-4A97-E9EF33342C85} = {9DA9A310-F663-4C13-BEC9-D8380FA10B87}
		{13BC0F8B-DDEB-67A2-F6FC-2495644A63C2} = {7E143D39-927F-13DB-9886-1D1E22839A41}
		{29CFCA80-DD12-5895-E4E5-6F5AD037F640} = {5287D4C0-4122-8410-316D-140084787570}
		{109635E9-8237-42EB-B90D-7A73361A6A39} = {C628EF58-8662-29AD-F4DA-EC6D6EB923A9}
		{5287D4C0-4122-8410-316D-140084787570} = {C628EF58-8662-29AD-F4DA-EC6D6EB923A9}
		{9DA9A310-F663-4C13-BEC9-D8380FA10B87} = {C628EF58-8662-29AD-F4DA-EC6D6EB923A9}
		{7E143D39-927F-13DB-9886-1D1E22839A41} = {C628EF58-8662-29AD-F4DA-EC6D6EB923A9}
		{C00F6E88-3A76-3ECA-ED08-E36D22500DA9} = {C628EF58-8662-29AD-F4DA-EC6D6EB923A9}
		{909AD1B2-050B-5D87-A7C2-208FC2609A20} = {C628EF58-8662-29AD-F4DA-EC6D6EB923A9}
		{A5F9EC95-A6FC-AC28-49A4-7D2913DF6307} = {C4EE13A5-F8E2-558A-341F-C9D86316A4CD}
		{47885D36-7727-D5D7-2956-F4CE969EA55C} = {C4EE13A5-F8E2-558A-341F-C9D86316A4CD}
		{4419BC2B-7B24-D738-BB5F-FEC129D97380} = {13BC0F8B-DDEB-67A2-F6FC-2495644A63C2}
		{B2964F68-94C3-6C10-7168-C59EFDD30F7D} = {1F6BDD42-63FF-6BEE-ACD5-EE4B550F9126}
		{E734C837-2124-3F18-72D7-655F0349D01D} = {29CFCA80-DD12-5895-E4E5-6F5AD037F640}
		{D4E19DF2-94F9-E5AE-C70E-4770B46E7F30} = {6A461A6F-ABE7-A603-7524-BAF8A8EB5FA4}
		{64508A0E-7FA9-D3ED-8B24-ECDBC82FFE81} = {C00F6E88-3A76-3ECA-ED08-E36D22500DA9}
		{60CB4342-FC36-73FF-D15B-B3799382D4A4} = {D3B11ADF-7621-D5D7-1B68-66F6359E783A}
		{429DE2AA-08FE-4FC8-F6F0-55A3AD35C481} = {F679C293-FFAE-DB63-4A97-E9EF33342C85}
		{C628EF58-8662-29AD-F4DA-EC6D6EB923A9} = {ABA814CE-769C-A7C4-7A0D-B2A09A6EE486}
		{1F6BDD42-63FF-6BEE-ACD5-EE4B550F9126} = {109635E9-8237-42EB-B90D-7A73361A6A39}
		{D3B11ADF-7621-D5D7-1B68-66F6359E783A} = {47885D36-7727-D5D7-2956-F4CE969EA55C}
		{E043B55E-15BE-A4EF-C754-89CEC56CCC44} = {429DE2AA-08FE-4FC8-F6F0-55A3AD35C481}
		{8BA660B8-DB4B-FC25-EDD3-E22741EB6D0C} = {4419BC2B-7B24-D738-BB5F-FEC129D97380}
		{8659E754-46C9-79F1-13CC-260EA5495ECD} = {60CB4342-FC36-73FF-D15B-B3799382D4A4}
		{69B0636B-989B-9BCD-20D4-2820E325BEAB} = {64508A0E-7FA9-D3ED-8B24-ECDBC82FFE81}
		{03B7993A-45E3-39E1-43B3-CB23E6520AC6} = {B2964F68-94C3-6C10-7168-C59EFDD30F7D}
		{AB055DB0-D54C-8EBB-0026-710D2141D438} = {D4E19DF2-94F9-E5AE-C70E-4770B46E7F30}
		{2B23E19B-67E8-DDF4-1364-435DDF06C978} = {E734C837-2124-3F18-72D7-655F0349D01D}
		{0D4CE1EE-8796-ED90-75DD-979942D117BD} = {F90A7E5F-E308-9A0D-FC3F-C270ED3163D6}
		{F90A7E5F-E308-9A0D-FC3F-C270ED3163D6} = {3E24422E-CE67-D18B-51FA-269330E86C12}
		{9CD60AC6-1BE8-5B7F-B25B-BDE4B0CC01A1} = {909AD1B2-050B-5D87-A7C2-208FC2609A20}
		{6A461A6F-ABE7-A603-7524-BAF8A8EB5FA4} = {A5F9EC95-A6FC-AC28-49A4-7D2913DF6307}
	EndGlobalSection
EndGlobal
