Microsoft Visual Studio Solution File, Format Version 10.00
# Visual Studio 2008
Project("{2150E333-8FDC-42A3-9474-1A3956D46DE8}") = "(agc)", "..\..\..\..\..\..\..\modules\audio_processing\agc", "{5287D4C0-4122-8410-316D-140084787570}"
EndProject
Project("{2150E333-8FDC-42A3-9474-1A3956D46DE8}") = "(audio_processing)", "..\..\..\..\..\..\..\modules\audio_processing", "{C628EF58-8662-29AD-F4DA-EC6D6EB923A9}"
EndProject
Project("{2150E333-8FDC-42A3-9474-1A3956D46DE8}") = "(common_audio)", "..\..\..\..\..\..\..\common_audio", "{C4EE13A5-F8E2-558A-341F-C9D86316A4CD}"
EndProject
Project("{2150E333-8FDC-42A3-9474-1A3956D46DE8}") = "(main)", "..\..\..\..\..\..\..\modules\audio_processing\agc\main", "{29CFCA80-DD12-5895-E4E5-6F5AD037F640}"
EndProject
Project("{2150E333-8FDC-42A3-9474-1A3956D46DE8}") = "(main)", "..\..\..\..\..\..\..\common_audio\signal_processing_library\main", "{D3B11ADF-7621-D5D7-1B68-66F6359E783A}"
EndProject
Project("{2150E333-8FDC-42A3-9474-1A3956D46DE8}") = "(modules)", "..\..\..\..\..\..\..\modules", "{ABA814CE-769C-A7C4-7A0D-B2A09A6EE486}"
EndProject
Project("{2150E333-8FDC-42A3-9474-1A3956D46DE8}") = "(signal_processing_library)", "..\..\..\..\..\..\..\common_audio\signal_processing_library", "{47885D36-7727-D5D7-2956-F4CE969EA55C}"
EndProject
Project("{2150E333-8FDC-42A3-9474-1A3956D46DE8}") = "(source)", "..\..\..\..\..\..\..\common_audio\signal_processing_library\main\source", "{60CB4342-FC36-73FF-D15B-B3799382D4A4}"
EndProject
Project("{2150E333-8FDC-42A3-9474-1A3956D46DE8}") = "(source)", "..\..\..\..\..\..\..\modules\audio_processing\agc\main\source", "{E734C837-2124-3F18-72D7-655F0349D01D}"
EndProject
Project("{8BC9CEB8-8B4A-11D0-8D11-00A0C91BC942}") = "agc", "agc.vcproj", "{2B23E19B-67E8-DDF4-1364-435DDF06C978}"
EndProject
Project("{8BC9CEB8-8B4A-11D0-8D11-00A0C91BC942}") = "spl", "..\..\..\..\..\common_audio\signal_processing_library\main\source\spl.vcproj", "{8659E754-46C9-79F1-13CC-260EA5495ECD}"
EndProject
Global
	GlobalSection(SolutionConfigurationPlatforms) = preSolution
		Debug|Win32 = Debug|Win32
		Release|x64 = Release|x64
		Purify|Win32 = Purify|Win32
		Purify|x64 = Purify|x64
		Debug|x64 = Debug|x64
		Release|Win32 = Release|Win32
	EndGlobalSection
	GlobalSection(ProjectConfigurationPlatforms) = postSolution
		{2B23E19B-67E8-DDF4-1364-435DDF06C978}.Debug|Win32.ActiveCfg = Debug|Win32
		{2B23E19B-67E8-DDF4-1364-435DDF06C978}.Debug|Win32.Build.0 = Debug|Win32
		{2B23E19B-67E8-DDF4-1364-435DDF06C978}.Release|x64.ActiveCfg = Release|x64
		{2B23E19B-67E8-DDF4-1364-435DDF06C978}.Release|x64.Build.0 = Release|x64
		{2B23E19B-67E8-DDF4-1364-435DDF06C978}.Purify|Win32.ActiveCfg = Purify|Win32
		{2B23E19B-67E8-DDF4-1364-435DDF06C978}.Purify|Win32.Build.0 = Purify|Win32
		{2B23E19B-67E8-DDF4-1364-435DDF06C978}.Purify|x64.ActiveCfg = Purify|x64
		{2B23E19B-67E8-DDF4-1364-435DDF06C978}.Purify|x64.Build.0 = Purify|x64
		{2B23E19B-67E8-DDF4-1364-435DDF06C978}.Debug|x64.ActiveCfg = Debug|x64
		{2B23E19B-67E8-DDF4-1364-435DDF06C978}.Debug|x64.Build.0 = Debug|x64
		{2B23E19B-67E8-DDF4-1364-435DDF06C978}.Release|Win32.ActiveCfg = Release|Win32
		{2B23E19B-67E8-DDF4-1364-435DDF06C978}.Release|Win32.Build.0 = Release|Win32
		{8659E754-46C9-79F1-13CC-260EA5495ECD}.Debug|Win32.ActiveCfg = Debug|Win32
		{8659E754-46C9-79F1-13CC-260EA5495ECD}.Debug|Win32.Build.0 = Debug|Win32
		{8659E754-46C9-79F1-13CC-260EA5495ECD}.Release|x64.ActiveCfg = Release|x64
		{8659E754-46C9-79F1-13CC-260EA5495ECD}.Release|x64.Build.0 = Release|x64
		{8659E754-46C9-79F1-13CC-260EA5495ECD}.Purify|Win32.ActiveCfg = Purify|Win32
		{8659E754-46C9-79F1-13CC-260EA5495ECD}.Purify|Win32.Build.0 = Purify|Win32
		{8659E754-46C9-79F1-13CC-260EA5495ECD}.Purify|x64.ActiveCfg = Purify|x64
		{8659E754-46C9-79F1-13CC-260EA5495ECD}.Purify|x64.Build.0 = Purify|x64
		{8659E754-46C9-79F1-13CC-260EA5495ECD}.Debug|x64.ActiveCfg = Debug|x64
		{8659E754-46C9-79F1-13CC-260EA5495ECD}.Debug|x64.Build.0 = Debug|x64
		{8659E754-46C9-79F1-13CC-260EA5495ECD}.Release|Win32.ActiveCfg = Release|Win32
		{8659E754-46C9-79F1-13CC-260EA5495ECD}.Release|Win32.Build.0 = Release|Win32
	EndGlobalSection
	GlobalSection(SolutionProperties) = preSolution
		HideSolutionNode = FALSE
	EndGlobalSection
	GlobalSection(NestedProjects) = preSolution
		{29CFCA80-DD12-5895-E4E5-6F5AD037F640} = {5287D4C0-4122-8410-316D-140084787570}
		{5287D4C0-4122-8410-316D-140084787570} = {C628EF58-8662-29AD-F4DA-EC6D6EB923A9}
		{47885D36-7727-D5D7-2956-F4CE969EA55C} = {C4EE13A5-F8E2-558A-341F-C9D86316A4CD}
		{E734C837-2124-3F18-72D7-655F0349D01D} = {29CFCA80-DD12-5895-E4E5-6F5AD037F640}
		{60CB4342-FC36-73FF-D15B-B3799382D4A4} = {D3B11ADF-7621-D5D7-1B68-66F6359E783A}
		{C628EF58-8662-29AD-F4DA-EC6D6EB923A9} = {ABA814CE-769C-A7C4-7A0D-B2A09A6EE486}
		{D3B11ADF-7621-D5D7-1B68-66F6359E783A} = {47885D36-7727-D5D7-2956-F4CE969EA55C}
		{8659E754-46C9-79F1-13CC-260EA5495ECD} = {60CB4342-FC36-73FF-D15B-B3799382D4A4}
		{2B23E19B-67E8-DDF4-1364-435DDF06C978} = {E734C837-2124-3F18-72D7-655F0349D01D}
	EndGlobalSection
EndGlobal
