Microsoft Visual Studio Solution File, Format Version 10.00
# Visual Studio 2008
Project("{2150E333-8FDC-42A3-9474-1A3956D46DE8}") = "(common_audio)", "..\..\..\src\common_audio", "{6C9BD46C-5537-35C5-A58B-C9B0CE1976BA}"
EndProject
Project("{2150E333-8FDC-42A3-9474-1A3956D46DE8}") = "(src)", "..\..\..\src", "{607B4E81-FB72-43DF-177C-C1403E500480}"
EndProject
Project("{2150E333-8FDC-42A3-9474-1A3956D46DE8}") = "(test)", "..\..\..\src\test", "{C1E4733C-ABBB-3D17-C95C-229016DDE45F}"
EndProject
Project("{2150E333-8FDC-42A3-9474-1A3956D46DE8}") = "(testing)", "..\..\..\testing", "{EAC80D00-01D2-3F49-A377-20B7154947F3}"
EndProject
Project("{8BC9CEB8-8B4A-11D0-8D11-00A0C91BC942}") = "gmock", "..\..\testing\gmock.vcproj", "{0AD72142-EFE0-2A22-7D10-6A293AD25A19}"
EndProject
Project("{8BC9CEB8-8B4A-11D0-8D11-00A0C91BC942}") = "gtest", "..\..\testing\gtest.vcproj", "{366F942F-2800-778F-8575-6C7023354B74}"
	ProjectSection(ProjectDependencies) = postProject
		{F7A4254F-CE5E-2B23-E2FE-BA460478442D} = {F7A4254F-CE5E-2B23-E2FE-BA460478442D}
	EndProjectSection
EndProject
Project("{8BC9CEB8-8B4A-11D0-8D11-00A0C91BC942}") = "gtest_prod", "..\..\testing\gtest_prod.vcproj", "{F7A4254F-CE5E-2B23-E2FE-BA460478442D}"
EndProject
Project("{8BC9CEB8-8B4A-11D0-8D11-00A0C91BC942}") = "resampler", "resampler.vcproj", "{C10344B2-CF3D-88B5-DA23-AB1D3C21B0C1}"
EndProject
Project("{8BC9CEB8-8B4A-11D0-8D11-00A0C91BC942}") = "resampler_unittests", "resampler_unittests.vcproj", "{95E9F877-15F6-B34C-4E43-8848E7C093C8}"
	ProjectSection(ProjectDependencies) = postProject
		{C10344B2-CF3D-88B5-DA23-AB1D3C21B0C1} = {C10344B2-CF3D-88B5-DA23-AB1D3C21B0C1}
		{CBCD9DEE-CF52-1289-DFC1-DC6B5BBD98D6} = {CBCD9DEE-CF52-1289-DFC1-DC6B5BBD98D6}
		{366F942F-2800-778F-8575-6C7023354B74} = {366F942F-2800-778F-8575-6C7023354B74}
		{8E784354-878E-B60A-421A-923B0FBD960E} = {8E784354-878E-B60A-421A-923B0FBD960E}
		{AB4AFA78-A3FE-3710-E5B2-896D72416D36} = {AB4AFA78-A3FE-3710-E5B2-896D72416D36}
		{F7A4254F-CE5E-2B23-E2FE-BA460478442D} = {F7A4254F-CE5E-2B23-E2FE-BA460478442D}
		{0AD72142-EFE0-2A22-7D10-6A293AD25A19} = {0AD72142-EFE0-2A22-7D10-6A293AD25A19}
	EndProjectSection
EndProject
Project("{8BC9CEB8-8B4A-11D0-8D11-00A0C91BC942}") = "signal_processing", "signal_processing.vcproj", "{8E784354-878E-B60A-421A-923B0FBD960E}"
EndProject
Project("{8BC9CEB8-8B4A-11D0-8D11-00A0C91BC942}") = "signal_processing_unittests", "signal_processing_unittests.vcproj", "{51B72C7B-91BE-A5C5-E8C3-08F6412BCB6B}"
	ProjectSection(ProjectDependencies) = postProject
		{8E784354-878E-B60A-421A-923B0FBD960E} = {8E784354-878E-B60A-421A-923B0FBD960E}
		{CBCD9DEE-CF52-1289-DFC1-DC6B5BBD98D6} = {CBCD9DEE-CF52-1289-DFC1-DC6B5BBD98D6}
		{366F942F-2800-778F-8575-6C7023354B74} = {366F942F-2800-778F-8575-6C7023354B74}
		{AB4AFA78-A3FE-3710-E5B2-896D72416D36} = {AB4AFA78-A3FE-3710-E5B2-896D72416D36}
		{F7A4254F-CE5E-2B23-E2FE-BA460478442D} = {F7A4254F-CE5E-2B23-E2FE-BA460478442D}
		{0AD72142-EFE0-2A22-7D10-6A293AD25A19} = {0AD72142-EFE0-2A22-7D10-6A293AD25A19}
	EndProjectSection
EndProject
Project("{8BC9CEB8-8B4A-11D0-8D11-00A0C91BC942}") = "test_support", "..\test\test_support.vcproj", "{AB4AFA78-A3FE-3710-E5B2-896D72416D36}"
EndProject
Project("{8BC9CEB8-8B4A-11D0-8D11-00A0C91BC942}") = "test_support_main", "..\test\test_support_main.vcproj", "{CBCD9DEE-CF52-1289-DFC1-DC6B5BBD98D6}"
EndProject
Project("{8BC9CEB8-8B4A-11D0-8D11-00A0C91BC942}") = "vad", "vad.vcproj", "{55633B28-5334-38F2-73D8-4399DA3AE273}"
EndProject
Project("{8BC9CEB8-8B4A-11D0-8D11-00A0C91BC942}") = "vad_unittests", "vad_unittests.vcproj", "{0D730ED9-5482-41B7-674A-E19F0C9DBA5E}"
	ProjectSection(ProjectDependencies) = postProject
		{55633B28-5334-38F2-73D8-4399DA3AE273} = {55633B28-5334-38F2-73D8-4399DA3AE273}
		{CBCD9DEE-CF52-1289-DFC1-DC6B5BBD98D6} = {CBCD9DEE-CF52-1289-DFC1-DC6B5BBD98D6}
		{366F942F-2800-778F-8575-6C7023354B74} = {366F942F-2800-778F-8575-6C7023354B74}
		{8E784354-878E-B60A-421A-923B0FBD960E} = {8E784354-878E-B60A-421A-923B0FBD960E}
		{AB4AFA78-A3FE-3710-E5B2-896D72416D36} = {AB4AFA78-A3FE-3710-E5B2-896D72416D36}
		{F7A4254F-CE5E-2B23-E2FE-BA460478442D} = {F7A4254F-CE5E-2B23-E2FE-BA460478442D}
		{0AD72142-EFE0-2A22-7D10-6A293AD25A19} = {0AD72142-EFE0-2A22-7D10-6A293AD25A19}
	EndProjectSection
EndProject
Global
	GlobalSection(SolutionConfigurationPlatforms) = preSolution
		Release|x64 = Release|x64
		Debug|Win32 = Debug|Win32
		Debug|x64 = Debug|x64
		Release|Win32 = Release|Win32
	EndGlobalSection
	GlobalSection(ProjectConfigurationPlatforms) = postSolution
		{0AD72142-EFE0-2A22-7D10-6A293AD25A19}.Release|x64.ActiveCfg = Release|x64
		{0AD72142-EFE0-2A22-7D10-6A293AD25A19}.Release|x64.Build.0 = Release|x64
		{0AD72142-EFE0-2A22-7D10-6A293AD25A19}.Debug|Win32.ActiveCfg = Debug|Win32
		{0AD72142-EFE0-2A22-7D10-6A293AD25A19}.Debug|Win32.Build.0 = Debug|Win32
		{0AD72142-EFE0-2A22-7D10-6A293AD25A19}.Debug|x64.ActiveCfg = Debug|x64
		{0AD72142-EFE0-2A22-7D10-6A293AD25A19}.Debug|x64.Build.0 = Debug|x64
		{0AD72142-EFE0-2A22-7D10-6A293AD25A19}.Release|Win32.ActiveCfg = Release|Win32
		{0AD72142-EFE0-2A22-7D10-6A293AD25A19}.Release|Win32.Build.0 = Release|Win32
		{0D730ED9-5482-41B7-674A-E19F0C9DBA5E}.Release|x64.ActiveCfg = Release|x64
		{0D730ED9-5482-41B7-674A-E19F0C9DBA5E}.Release|x64.Build.0 = Release|x64
		{0D730ED9-5482-41B7-674A-E19F0C9DBA5E}.Debug|Win32.ActiveCfg = Debug|Win32
		{0D730ED9-5482-41B7-674A-E19F0C9DBA5E}.Debug|Win32.Build.0 = Debug|Win32
		{0D730ED9-5482-41B7-674A-E19F0C9DBA5E}.Debug|x64.ActiveCfg = Debug|x64
		{0D730ED9-5482-41B7-674A-E19F0C9DBA5E}.Debug|x64.Build.0 = Debug|x64
		{0D730ED9-5482-41B7-674A-E19F0C9DBA5E}.Release|Win32.ActiveCfg = Release|Win32
		{0D730ED9-5482-41B7-674A-E19F0C9DBA5E}.Release|Win32.Build.0 = Release|Win32
		{366F942F-2800-778F-8575-6C7023354B74}.Release|x64.ActiveCfg = Release|x64
		{366F942F-2800-778F-8575-6C7023354B74}.Release|x64.Build.0 = Release|x64
		{366F942F-2800-778F-8575-6C7023354B74}.Debug|Win32.ActiveCfg = Debug|Win32
		{366F942F-2800-778F-8575-6C7023354B74}.Debug|Win32.Build.0 = Debug|Win32
		{366F942F-2800-778F-8575-6C7023354B74}.Debug|x64.ActiveCfg = Debug|x64
		{366F942F-2800-778F-8575-6C7023354B74}.Debug|x64.Build.0 = Debug|x64
		{366F942F-2800-778F-8575-6C7023354B74}.Release|Win32.ActiveCfg = Release|Win32
		{366F942F-2800-778F-8575-6C7023354B74}.Release|Win32.Build.0 = Release|Win32
		{51B72C7B-91BE-A5C5-E8C3-08F6412BCB6B}.Release|x64.ActiveCfg = Release|x64
		{51B72C7B-91BE-A5C5-E8C3-08F6412BCB6B}.Release|x64.Build.0 = Release|x64
		{51B72C7B-91BE-A5C5-E8C3-08F6412BCB6B}.Debug|Win32.ActiveCfg = Debug|Win32
		{51B72C7B-91BE-A5C5-E8C3-08F6412BCB6B}.Debug|Win32.Build.0 = Debug|Win32
		{51B72C7B-91BE-A5C5-E8C3-08F6412BCB6B}.Debug|x64.ActiveCfg = Debug|x64
		{51B72C7B-91BE-A5C5-E8C3-08F6412BCB6B}.Debug|x64.Build.0 = Debug|x64
		{51B72C7B-91BE-A5C5-E8C3-08F6412BCB6B}.Release|Win32.ActiveCfg = Release|Win32
		{51B72C7B-91BE-A5C5-E8C3-08F6412BCB6B}.Release|Win32.Build.0 = Release|Win32
		{55633B28-5334-38F2-73D8-4399DA3AE273}.Release|x64.ActiveCfg = Release|x64
		{55633B28-5334-38F2-73D8-4399DA3AE273}.Release|x64.Build.0 = Release|x64
		{55633B28-5334-38F2-73D8-4399DA3AE273}.Debug|Win32.ActiveCfg = Debug|Win32
		{55633B28-5334-38F2-73D8-4399DA3AE273}.Debug|Win32.Build.0 = Debug|Win32
		{55633B28-5334-38F2-73D8-4399DA3AE273}.Debug|x64.ActiveCfg = Debug|x64
		{55633B28-5334-38F2-73D8-4399DA3AE273}.Debug|x64.Build.0 = Debug|x64
		{55633B28-5334-38F2-73D8-4399DA3AE273}.Release|Win32.ActiveCfg = Release|Win32
		{55633B28-5334-38F2-73D8-4399DA3AE273}.Release|Win32.Build.0 = Release|Win32
		{8E784354-878E-B60A-421A-923B0FBD960E}.Release|x64.ActiveCfg = Release|x64
		{8E784354-878E-B60A-421A-923B0FBD960E}.Release|x64.Build.0 = Release|x64
		{8E784354-878E-B60A-421A-923B0FBD960E}.Debug|Win32.ActiveCfg = Debug|Win32
		{8E784354-878E-B60A-421A-923B0FBD960E}.Debug|Win32.Build.0 = Debug|Win32
		{8E784354-878E-B60A-421A-923B0FBD960E}.Debug|x64.ActiveCfg = Debug|x64
		{8E784354-878E-B60A-421A-923B0FBD960E}.Debug|x64.Build.0 = Debug|x64
		{8E784354-878E-B60A-421A-923B0FBD960E}.Release|Win32.ActiveCfg = Release|Win32
		{8E784354-878E-B60A-421A-923B0FBD960E}.Release|Win32.Build.0 = Release|Win32
		{95E9F877-15F6-B34C-4E43-8848E7C093C8}.Release|x64.ActiveCfg = Release|x64
		{95E9F877-15F6-B34C-4E43-8848E7C093C8}.Release|x64.Build.0 = Release|x64
		{95E9F877-15F6-B34C-4E43-8848E7C093C8}.Debug|Win32.ActiveCfg = Debug|Win32
		{95E9F877-15F6-B34C-4E43-8848E7C093C8}.Debug|Win32.Build.0 = Debug|Win32
		{95E9F877-15F6-B34C-4E43-8848E7C093C8}.Debug|x64.ActiveCfg = Debug|x64
		{95E9F877-15F6-B34C-4E43-8848E7C093C8}.Debug|x64.Build.0 = Debug|x64
		{95E9F877-15F6-B34C-4E43-8848E7C093C8}.Release|Win32.ActiveCfg = Release|Win32
		{95E9F877-15F6-B34C-4E43-8848E7C093C8}.Release|Win32.Build.0 = Release|Win32
		{AB4AFA78-A3FE-3710-E5B2-896D72416D36}.Release|x64.ActiveCfg = Release|x64
		{AB4AFA78-A3FE-3710-E5B2-896D72416D36}.Release|x64.Build.0 = Release|x64
		{AB4AFA78-A3FE-3710-E5B2-896D72416D36}.Debug|Win32.ActiveCfg = Debug|Win32
		{AB4AFA78-A3FE-3710-E5B2-896D72416D36}.Debug|Win32.Build.0 = Debug|Win32
		{AB4AFA78-A3FE-3710-E5B2-896D72416D36}.Debug|x64.ActiveCfg = Debug|x64
		{AB4AFA78-A3FE-3710-E5B2-896D72416D36}.Debug|x64.Build.0 = Debug|x64
		{AB4AFA78-A3FE-3710-E5B2-896D72416D36}.Release|Win32.ActiveCfg = Release|Win32
		{AB4AFA78-A3FE-3710-E5B2-896D72416D36}.Release|Win32.Build.0 = Release|Win32
		{C10344B2-CF3D-88B5-DA23-AB1D3C21B0C1}.Release|x64.ActiveCfg = Release|x64
		{C10344B2-CF3D-88B5-DA23-AB1D3C21B0C1}.Release|x64.Build.0 = Release|x64
		{C10344B2-CF3D-88B5-DA23-AB1D3C21B0C1}.Debug|Win32.ActiveCfg = Debug|Win32
		{C10344B2-CF3D-88B5-DA23-AB1D3C21B0C1}.Debug|Win32.Build.0 = Debug|Win32
		{C10344B2-CF3D-88B5-DA23-AB1D3C21B0C1}.Debug|x64.ActiveCfg = Debug|x64
		{C10344B2-CF3D-88B5-DA23-AB1D3C21B0C1}.Debug|x64.Build.0 = Debug|x64
		{C10344B2-CF3D-88B5-DA23-AB1D3C21B0C1}.Release|Win32.ActiveCfg = Release|Win32
		{C10344B2-CF3D-88B5-DA23-AB1D3C21B0C1}.Release|Win32.Build.0 = Release|Win32
		{CBCD9DEE-CF52-1289-DFC1-DC6B5BBD98D6}.Release|x64.ActiveCfg = Release|x64
		{CBCD9DEE-CF52-1289-DFC1-DC6B5BBD98D6}.Release|x64.Build.0 = Release|x64
		{CBCD9DEE-CF52-1289-DFC1-DC6B5BBD98D6}.Debug|Win32.ActiveCfg = Debug|Win32
		{CBCD9DEE-CF52-1289-DFC1-DC6B5BBD98D6}.Debug|Win32.Build.0 = Debug|Win32
		{CBCD9DEE-CF52-1289-DFC1-DC6B5BBD98D6}.Debug|x64.ActiveCfg = Debug|x64
		{CBCD9DEE-CF52-1289-DFC1-DC6B5BBD98D6}.Debug|x64.Build.0 = Debug|x64
		{CBCD9DEE-CF52-1289-DFC1-DC6B5BBD98D6}.Release|Win32.ActiveCfg = Release|Win32
		{CBCD9DEE-CF52-1289-DFC1-DC6B5BBD98D6}.Release|Win32.Build.0 = Release|Win32
		{F7A4254F-CE5E-2B23-E2FE-BA460478442D}.Release|x64.ActiveCfg = Release|x64
		{F7A4254F-CE5E-2B23-E2FE-BA460478442D}.Release|x64.Build.0 = Release|x64
		{F7A4254F-CE5E-2B23-E2FE-BA460478442D}.Debug|Win32.ActiveCfg = Debug|Win32
		{F7A4254F-CE5E-2B23-E2FE-BA460478442D}.Debug|Win32.Build.0 = Debug|Win32
		{F7A4254F-CE5E-2B23-E2FE-BA460478442D}.Debug|x64.ActiveCfg = Debug|x64
		{F7A4254F-CE5E-2B23-E2FE-BA460478442D}.Debug|x64.Build.0 = Debug|x64
		{F7A4254F-CE5E-2B23-E2FE-BA460478442D}.Release|Win32.ActiveCfg = Release|Win32
		{F7A4254F-CE5E-2B23-E2FE-BA460478442D}.Release|Win32.Build.0 = Release|Win32
	EndGlobalSection
	GlobalSection(SolutionProperties) = preSolution
		HideSolutionNode = FALSE
	EndGlobalSection
	GlobalSection(NestedProjects) = preSolution
		{C10344B2-CF3D-88B5-DA23-AB1D3C21B0C1} = {6C9BD46C-5537-35C5-A58B-C9B0CE1976BA}
		{51B72C7B-91BE-A5C5-E8C3-08F6412BCB6B} = {6C9BD46C-5537-35C5-A58B-C9B0CE1976BA}
		{95E9F877-15F6-B34C-4E43-8848E7C093C8} = {6C9BD46C-5537-35C5-A58B-C9B0CE1976BA}
		{8E784354-878E-B60A-421A-923B0FBD960E} = {6C9BD46C-5537-35C5-A58B-C9B0CE1976BA}
		{55633B28-5334-38F2-73D8-4399DA3AE273} = {6C9BD46C-5537-35C5-A58B-C9B0CE1976BA}
		{0D730ED9-5482-41B7-674A-E19F0C9DBA5E} = {6C9BD46C-5537-35C5-A58B-C9B0CE1976BA}
		{6C9BD46C-5537-35C5-A58B-C9B0CE1976BA} = {607B4E81-FB72-43DF-177C-C1403E500480}
		{C1E4733C-ABBB-3D17-C95C-229016DDE45F} = {607B4E81-FB72-43DF-177C-C1403E500480}
		{AB4AFA78-A3FE-3710-E5B2-896D72416D36} = {C1E4733C-ABBB-3D17-C95C-229016DDE45F}
		{CBCD9DEE-CF52-1289-DFC1-DC6B5BBD98D6} = {C1E4733C-ABBB-3D17-C95C-229016DDE45F}
		{F7A4254F-CE5E-2B23-E2FE-BA460478442D} = {EAC80D00-01D2-3F49-A377-20B7154947F3}
		{0AD72142-EFE0-2A22-7D10-6A293AD25A19} = {EAC80D00-01D2-3F49-A377-20B7154947F3}
		{366F942F-2800-778F-8575-6C7023354B74} = {EAC80D00-01D2-3F49-A377-20B7154947F3}
	EndGlobalSection
EndGlobal
