Microsoft Visual Studio Solution File, Format Version 10.00
# Visual Studio 2008
Project("{2150E333-8FDC-42A3-9474-1A3956D46DE8}") = "(source)", "..\..\..\..\src\system_wrappers\source", "{E5A54F5F-F577-BA24-9ADF-8AC7418C406D}"
EndProject
Project("{2150E333-8FDC-42A3-9474-1A3956D46DE8}") = "(src)", "..\..\..\..\src", "{607B4E81-FB72-43DF-177C-C1403E500480}"
EndProject
Project("{2150E333-8FDC-42A3-9474-1A3956D46DE8}") = "(system_wrappers)", "..\..\..\..\src\system_wrappers", "{2037D299-77AB-A4E0-24F7-6DB0DDBB7ED0}"
EndProject
Project("{2150E333-8FDC-42A3-9474-1A3956D46DE8}") = "(test)", "..\..\..\..\src\test", "{C1E4733C-ABBB-3D17-C95C-229016DDE45F}"
EndProject
Project("{2150E333-8FDC-42A3-9474-1A3956D46DE8}") = "(testing)", "..\..\..\..\testing", "{EAC80D00-01D2-3F49-A377-20B7154947F3}"
EndProject
Project("{8BC9CEB8-8B4A-11D0-8D11-00A0C91BC942}") = "gmock", "..\..\..\testing\gmock.vcproj", "{0AD72142-EFE0-2A22-7D10-6A293AD25A19}"
EndProject
Project("{8BC9CEB8-8B4A-11D0-8D11-00A0C91BC942}") = "gtest", "..\..\..\testing\gtest.vcproj", "{366F942F-2800-778F-8575-6C7023354B74}"
	ProjectSection(ProjectDependencies) = postProject
		{F7A4254F-CE5E-2B23-E2FE-BA460478442D} = {F7A4254F-CE5E-2B23-E2FE-BA460478442D}
	EndProjectSection
EndProject
Project("{8BC9CEB8-8B4A-11D0-8D11-00A0C91BC942}") = "gtest_prod", "..\..\..\testing\gtest_prod.vcproj", "{F7A4254F-CE5E-2B23-E2FE-BA460478442D}"
EndProject
Project("{8BC9CEB8-8B4A-11D0-8D11-00A0C91BC942}") = "system_wrappers", "system_wrappers.vcproj", "{0D4CE1EE-8796-ED90-75DD-979942D117BD}"
EndProject
Project("{8BC9CEB8-8B4A-11D0-8D11-00A0C91BC942}") = "system_wrappers_unittests", "system_wrappers_unittests.vcproj", "{ED7493F8-6B51-60E4-720C-B9F1B7C220D9}"
	ProjectSection(ProjectDependencies) = postProject
		{0D4CE1EE-8796-ED90-75DD-979942D117BD} = {0D4CE1EE-8796-ED90-75DD-979942D117BD}
		{366F942F-2800-778F-8575-6C7023354B74} = {366F942F-2800-778F-8575-6C7023354B74}
		{CBCD9DEE-CF52-1289-DFC1-DC6B5BBD98D6} = {CBCD9DEE-CF52-1289-DFC1-DC6B5BBD98D6}
		{F7A4254F-CE5E-2B23-E2FE-BA460478442D} = {F7A4254F-CE5E-2B23-E2FE-BA460478442D}
		{AB4AFA78-A3FE-3710-E5B2-896D72416D36} = {AB4AFA78-A3FE-3710-E5B2-896D72416D36}
		{0AD72142-EFE0-2A22-7D10-6A293AD25A19} = {0AD72142-EFE0-2A22-7D10-6A293AD25A19}
	EndProjectSection
EndProject
Project("{8BC9CEB8-8B4A-11D0-8D11-00A0C91BC942}") = "test_support", "..\..\test\test_support.vcproj", "{AB4AFA78-A3FE-3710-E5B2-896D72416D36}"
EndProject
Project("{8BC9CEB8-8B4A-11D0-8D11-00A0C91BC942}") = "test_support_main", "..\..\test\test_support_main.vcproj", "{CBCD9DEE-CF52-1289-DFC1-DC6B5BBD98D6}"
EndProject
Global
	GlobalSection(SolutionConfigurationPlatforms) = preSolution
		Release|x64 = Release|x64
		Debug|Win32 = Debug|Win32
		Debug|x64 = Debug|x64
		Release|Win32 = Release|Win32
	EndGlobalSection
	GlobalSection(ProjectConfigurationPlatforms) = postSolution
		{0AD72142-EFE0-2A22-7D10-6A293AD25A19}.Release|x64.ActiveCfg = Release|x64
		{0AD72142-EFE0-2A22-7D10-6A293AD25A19}.Release|x64.Build.0 = Release|x64
		{0AD72142-EFE0-2A22-7D10-6A293AD25A19}.Debug|Win32.ActiveCfg = Debug|Win32
		{0AD72142-EFE0-2A22-7D10-6A293AD25A19}.Debug|Win32.Build.0 = Debug|Win32
		{0AD72142-EFE0-2A22-7D10-6A293AD25A19}.Debug|x64.ActiveCfg = Debug|x64
		{0AD72142-EFE0-2A22-7D10-6A293AD25A19}.Debug|x64.Build.0 = Debug|x64
		{0AD72142-EFE0-2A22-7D10-6A293AD25A19}.Release|Win32.ActiveCfg = Release|Win32
		{0AD72142-EFE0-2A22-7D10-6A293AD25A19}.Release|Win32.Build.0 = Release|Win32
		{0D4CE1EE-8796-ED90-75DD-979942D117BD}.Release|x64.ActiveCfg = Release|x64
		{0D4CE1EE-8796-ED90-75DD-979942D117BD}.Release|x64.Build.0 = Release|x64
		{0D4CE1EE-8796-ED90-75DD-979942D117BD}.Debug|Win32.ActiveCfg = Debug|Win32
		{0D4CE1EE-8796-ED90-75DD-979942D117BD}.Debug|Win32.Build.0 = Debug|Win32
		{0D4CE1EE-8796-ED90-75DD-979942D117BD}.Debug|x64.ActiveCfg = Debug|x64
		{0D4CE1EE-8796-ED90-75DD-979942D117BD}.Debug|x64.Build.0 = Debug|x64
		{0D4CE1EE-8796-ED90-75DD-979942D117BD}.Release|Win32.ActiveCfg = Release|Win32
		{0D4CE1EE-8796-ED90-75DD-979942D117BD}.Release|Win32.Build.0 = Release|Win32
		{366F942F-2800-778F-8575-6C7023354B74}.Release|x64.ActiveCfg = Release|x64
		{366F942F-2800-778F-8575-6C7023354B74}.Release|x64.Build.0 = Release|x64
		{366F942F-2800-778F-8575-6C7023354B74}.Debug|Win32.ActiveCfg = Debug|Win32
		{366F942F-2800-778F-8575-6C7023354B74}.Debug|Win32.Build.0 = Debug|Win32
		{366F942F-2800-778F-8575-6C7023354B74}.Debug|x64.ActiveCfg = Debug|x64
		{366F942F-2800-778F-8575-6C7023354B74}.Debug|x64.Build.0 = Debug|x64
		{366F942F-2800-778F-8575-6C7023354B74}.Release|Win32.ActiveCfg = Release|Win32
		{366F942F-2800-778F-8575-6C7023354B74}.Release|Win32.Build.0 = Release|Win32
		{AB4AFA78-A3FE-3710-E5B2-896D72416D36}.Release|x64.ActiveCfg = Release|x64
		{AB4AFA78-A3FE-3710-E5B2-896D72416D36}.Release|x64.Build.0 = Release|x64
		{AB4AFA78-A3FE-3710-E5B2-896D72416D36}.Debug|Win32.ActiveCfg = Debug|Win32
		{AB4AFA78-A3FE-3710-E5B2-896D72416D36}.Debug|Win32.Build.0 = Debug|Win32
		{AB4AFA78-A3FE-3710-E5B2-896D72416D36}.Debug|x64.ActiveCfg = Debug|x64
		{AB4AFA78-A3FE-3710-E5B2-896D72416D36}.Debug|x64.Build.0 = Debug|x64
		{AB4AFA78-A3FE-3710-E5B2-896D72416D36}.Release|Win32.ActiveCfg = Release|Win32
		{AB4AFA78-A3FE-3710-E5B2-896D72416D36}.Release|Win32.Build.0 = Release|Win32
		{CBCD9DEE-CF52-1289-DFC1-DC6B5BBD98D6}.Release|x64.ActiveCfg = Release|x64
		{CBCD9DEE-CF52-1289-DFC1-DC6B5BBD98D6}.Release|x64.Build.0 = Release|x64
		{CBCD9DEE-CF52-1289-DFC1-DC6B5BBD98D6}.Debug|Win32.ActiveCfg = Debug|Win32
		{CBCD9DEE-CF52-1289-DFC1-DC6B5BBD98D6}.Debug|Win32.Build.0 = Debug|Win32
		{CBCD9DEE-CF52-1289-DFC1-DC6B5BBD98D6}.Debug|x64.ActiveCfg = Debug|x64
		{CBCD9DEE-CF52-1289-DFC1-DC6B5BBD98D6}.Debug|x64.Build.0 = Debug|x64
		{CBCD9DEE-CF52-1289-DFC1-DC6B5BBD98D6}.Release|Win32.ActiveCfg = Release|Win32
		{CBCD9DEE-CF52-1289-DFC1-DC6B5BBD98D6}.Release|Win32.Build.0 = Release|Win32
		{ED7493F8-6B51-60E4-720C-B9F1B7C220D9}.Release|x64.ActiveCfg = Release|x64
		{ED7493F8-6B51-60E4-720C-B9F1B7C220D9}.Release|x64.Build.0 = Release|x64
		{ED7493F8-6B51-60E4-720C-B9F1B7C220D9}.Debug|Win32.ActiveCfg = Debug|Win32
		{ED7493F8-6B51-60E4-720C-B9F1B7C220D9}.Debug|Win32.Build.0 = Debug|Win32
		{ED7493F8-6B51-60E4-720C-B9F1B7C220D9}.Debug|x64.ActiveCfg = Debug|x64
		{ED7493F8-6B51-60E4-720C-B9F1B7C220D9}.Debug|x64.Build.0 = Debug|x64
		{ED7493F8-6B51-60E4-720C-B9F1B7C220D9}.Release|Win32.ActiveCfg = Release|Win32
		{ED7493F8-6B51-60E4-720C-B9F1B7C220D9}.Release|Win32.Build.0 = Release|Win32
		{F7A4254F-CE5E-2B23-E2FE-BA460478442D}.Release|x64.ActiveCfg = Release|x64
		{F7A4254F-CE5E-2B23-E2FE-BA460478442D}.Release|x64.Build.0 = Release|x64
		{F7A4254F-CE5E-2B23-E2FE-BA460478442D}.Debug|Win32.ActiveCfg = Debug|Win32
		{F7A4254F-CE5E-2B23-E2FE-BA460478442D}.Debug|Win32.Build.0 = Debug|Win32
		{F7A4254F-CE5E-2B23-E2FE-BA460478442D}.Debug|x64.ActiveCfg = Debug|x64
		{F7A4254F-CE5E-2B23-E2FE-BA460478442D}.Debug|x64.Build.0 = Debug|x64
		{F7A4254F-CE5E-2B23-E2FE-BA460478442D}.Release|Win32.ActiveCfg = Release|Win32
		{F7A4254F-CE5E-2B23-E2FE-BA460478442D}.Release|Win32.Build.0 = Release|Win32
	EndGlobalSection
	GlobalSection(SolutionProperties) = preSolution
		HideSolutionNode = FALSE
	EndGlobalSection
	GlobalSection(NestedProjects) = preSolution
		{0D4CE1EE-8796-ED90-75DD-979942D117BD} = {E5A54F5F-F577-BA24-9ADF-8AC7418C406D}
		{ED7493F8-6B51-60E4-720C-B9F1B7C220D9} = {E5A54F5F-F577-BA24-9ADF-8AC7418C406D}
		{C1E4733C-ABBB-3D17-C95C-229016DDE45F} = {607B4E81-FB72-43DF-177C-C1403E500480}
		{2037D299-77AB-A4E0-24F7-6DB0DDBB7ED0} = {607B4E81-FB72-43DF-177C-C1403E500480}
		{E5A54F5F-F577-BA24-9ADF-8AC7418C406D} = {2037D299-77AB-A4E0-24F7-6DB0DDBB7ED0}
		{AB4AFA78-A3FE-3710-E5B2-896D72416D36} = {C1E4733C-ABBB-3D17-C95C-229016DDE45F}
		{CBCD9DEE-CF52-1289-DFC1-DC6B5BBD98D6} = {C1E4733C-ABBB-3D17-C95C-229016DDE45F}
		{F7A4254F-CE5E-2B23-E2FE-BA460478442D} = {EAC80D00-01D2-3F49-A377-20B7154947F3}
		{0AD72142-EFE0-2A22-7D10-6A293AD25A19} = {EAC80D00-01D2-3F49-A377-20B7154947F3}
		{366F942F-2800-778F-8575-6C7023354B74} = {EAC80D00-01D2-3F49-A377-20B7154947F3}
	EndGlobalSection
EndGlobal
